
Microsoft Visual Studio Solution File, Format Version 12.00
# Visual Studio Version 17
VisualStudioVersion = 17.8.34316.72
MinimumVisualStudioVersion = 10.0.40219.1
Project("{FAE04EC0-301F-11D3-BF4B-00C04F79EFBC}") = "Lab7", "Lab7.csproj", "{F88BD30C-6829-45F5-840E-DE43CC5C29FB}"
EndProject
Global
	GlobalSection(SolutionConfigurationPlatforms) = preSolution
		Debug|Any CPU = Debug|Any CPU
		Release|Any CPU = Release|Any CPU
	EndGlobalSection
	GlobalSection(ProjectConfigurationPlatforms) = postSolution
		{F88BD30C-6829-45F5-840E-DE43CC5C29FB}.Debug|Any CPU.ActiveCfg = Debug|Any CPU
		{F88BD30C-6829-45F5-840E-DE43CC5C29FB}.Debug|Any CPU.Build.0 = Debug|Any CPU
		{F88BD30C-6829-45F5-840E-DE43CC5C29FB}.Release|Any CPU.ActiveCfg = Release|Any CPU
		{F88BD30C-6829-45F5-840E-DE43CC5C29FB}.Release|Any CPU.Build.0 = Release|Any CPU
	EndGlobalSection
	GlobalSection(SolutionProperties) = preSolution
		HideSolutionNode = FALSE
	EndGlobalSection
	GlobalSection(ExtensibilityGlobals) = postSolution
		SolutionGuid = {30C8CB5F-1463-4BB2-91AE-7A115044F4BB}
	EndGlobalSection
EndGlobal
